
Microsoft Visual Studio Solution File, Format Version 12.00
Project("{FAE04EC0-301F-11D3-BF4B-00C04F79EFBC}") = "Biblioteca WebAPI", "Biblioteca WebAPI\Biblioteca WebAPI.csproj", "{5FCEDA83-2E8B-4B67-9B27-7CA4FCA09C08}"
EndProject
Project("{FAE04EC0-301F-11D3-BF4B-00C04F79EFBC}") = "Biblioteca.Domain", "Biblioteca.Domain\Biblioteca.Domain.csproj", "{98C8BB06-F1DB-40A3-92FB-975CF2A8B88B}"
EndProject
Project("{FAE04EC0-301F-11D3-BF4B-00C04F79EFBC}") = "Biblioteca.Application", "Biblioteca.Application\Biblioteca.Application.csproj", "{6BFA586D-6F62-4954-9F1D-B3ABA07CEEFE}"
EndProject
Project("{FAE04EC0-301F-11D3-BF4B-00C04F79EFBC}") = "Biblioteca.Infrastructure", "Biblioteca.Infrastructure\Biblioteca.Infrastructure.csproj", "{D1414A83-A4FD-4814-BACC-63C9AEA117F3}"
EndProject
Global
	GlobalSection(SolutionConfigurationPlatforms) = preSolution
		Debug|Any CPU = Debug|Any CPU
		Release|Any CPU = Release|Any CPU
	EndGlobalSection
	GlobalSection(ProjectConfigurationPlatforms) = postSolution
		{5FCEDA83-2E8B-4B67-9B27-7CA4FCA09C08}.Debug|Any CPU.ActiveCfg = Debug|Any CPU
		{5FCEDA83-2E8B-4B67-9B27-7CA4FCA09C08}.Debug|Any CPU.Build.0 = Debug|Any CPU
		{5FCEDA83-2E8B-4B67-9B27-7CA4FCA09C08}.Release|Any CPU.ActiveCfg = Release|Any CPU
		{5FCEDA83-2E8B-4B67-9B27-7CA4FCA09C08}.Release|Any CPU.Build.0 = Release|Any CPU
		{98C8BB06-F1DB-40A3-92FB-975CF2A8B88B}.Debug|Any CPU.ActiveCfg = Debug|Any CPU
		{98C8BB06-F1DB-40A3-92FB-975CF2A8B88B}.Debug|Any CPU.Build.0 = Debug|Any CPU
		{98C8BB06-F1DB-40A3-92FB-975CF2A8B88B}.Release|Any CPU.ActiveCfg = Release|Any CPU
		{98C8BB06-F1DB-40A3-92FB-975CF2A8B88B}.Release|Any CPU.Build.0 = Release|Any CPU
		{6BFA586D-6F62-4954-9F1D-B3ABA07CEEFE}.Debug|Any CPU.ActiveCfg = Debug|Any CPU
		{6BFA586D-6F62-4954-9F1D-B3ABA07CEEFE}.Debug|Any CPU.Build.0 = Debug|Any CPU
		{6BFA586D-6F62-4954-9F1D-B3ABA07CEEFE}.Release|Any CPU.ActiveCfg = Release|Any CPU
		{6BFA586D-6F62-4954-9F1D-B3ABA07CEEFE}.Release|Any CPU.Build.0 = Release|Any CPU
		{D1414A83-A4FD-4814-BACC-63C9AEA117F3}.Debug|Any CPU.ActiveCfg = Debug|Any CPU
		{D1414A83-A4FD-4814-BACC-63C9AEA117F3}.Debug|Any CPU.Build.0 = Debug|Any CPU
		{D1414A83-A4FD-4814-BACC-63C9AEA117F3}.Release|Any CPU.ActiveCfg = Release|Any CPU
		{D1414A83-A4FD-4814-BACC-63C9AEA117F3}.Release|Any CPU.Build.0 = Release|Any CPU
	EndGlobalSection
EndGlobal
